// !$*UTF8*$!
{
	archiveVersion = 1;
	classes = {
	};
	objectVersion = 55;
	objects = {

/* Begin PBXBuildFile section */
		B39DEBB4288E81E50089226F /* AppDelegate.swift in Sources */ = {isa = PBXBuildFile; fileRef = B39DEBB3288E81E50089226F /* AppDelegate.swift */; };
		B39DEBB6288E81E50089226F /* SceneDelegate.swift in Sources */ = {isa = PBXBuildFile; fileRef = B39DEBB5288E81E50089226F /* SceneDelegate.swift */; };
		B39DEBB8288E81E50089226F /* ViewController.swift in Sources */ = {isa = PBXBuildFile; fileRef = B39DEBB7288E81E50089226F /* ViewController.swift */; };
		B39DEBBB288E81E50089226F /* Main.storyboard in Resources */ = {isa = PBXBuildFile; fileRef = B39DEBB9288E81E50089226F /* Main.storyboard */; };
		B39DEBBD288E81E70089226F /* Assets.xcassets in Resources */ = {isa = PBXBuildFile; fileRef = B39DEBBC288E81E70089226F /* Assets.xcassets */; };
		B39DEBC0288E81E70089226F /* LaunchScreen.storyboard in Resources */ = {isa = PBXBuildFile; fileRef = B39DEBBE288E81E70089226F /* LaunchScreen.storyboard */; };
		B39DEBC8288E869E0089226F /* the-new-york-times-logo.png in Resources */ = {isa = PBXBuildFile; fileRef = B39DEBC7288E869E0089226F /* the-new-york-times-logo.png */; };
		B39DEBCA288E86C00089226F /* Util.swift in Sources */ = {isa = PBXBuildFile; fileRef = B39DEBC9288E86C00089226F /* Util.swift */; };
		B39DEBCC288ED40A0089226F /* HomeTableViewCell.swift in Sources */ = {isa = PBXBuildFile; fileRef = B39DEBCB288ED40A0089226F /* HomeTableViewCell.swift */; };
		B39DEBCE288ED6230089226F /* Model.swift in Sources */ = {isa = PBXBuildFile; fileRef = B39DEBCD288ED6230089226F /* Model.swift */; };
/* End PBXBuildFile section */

/* Begin PBXFileReference section */
		B39DEBB0288E81E50089226F /* realApp.app */ = {isa = PBXFileReference; explicitFileType = wrapper.application; includeInIndex = 0; path = realApp.app; sourceTree = BUILT_PRODUCTS_DIR; };
		B39DEBB3288E81E50089226F /* AppDelegate.swift */ = {isa = PBXFileReference; lastKnownFileType = sourcecode.swift; path = AppDelegate.swift; sourceTree = "<group>"; };
		B39DEBB5288E81E50089226F /* SceneDelegate.swift */ = {isa = PBXFileReference; lastKnownFileType = sourcecode.swift; path = SceneDelegate.swift; sourceTree = "<group>"; };
		B39DEBB7288E81E50089226F /* ViewController.swift */ = {isa = PBXFileReference; lastKnownFileType = sourcecode.swift; path = ViewController.swift; sourceTree = "<group>"; };
		B39DEBBA288E81E50089226F /* Base */ = {isa = PBXFileReference; lastKnownFileType = file.storyboard; name = Base; path = Base.lproj/Main.storyboard; sourceTree = "<group>"; };
		B39DEBBC288E81E70089226F /* Assets.xcassets */ = {isa = PBXFileReference; lastKnownFileType = folder.assetcatalog; path = Assets.xcassets; sourceTree = "<group>"; };
		B39DEBBF288E81E70089226F /* Base */ = {isa = PBXFileReference; lastKnownFileType = file.storyboard; name = Base; path = Base.lproj/LaunchScreen.storyboard; sourceTree = "<group>"; };
		B39DEBC1288E81E70089226F /* Info.plist */ = {isa = PBXFileReference; lastKnownFileType = text.plist.xml; path = Info.plist; sourceTree = "<group>"; };
		B39DEBC7288E869E0089226F /* the-new-york-times-logo.png */ = {isa = PBXFileReference; lastKnownFileType = image.png; path = "the-new-york-times-logo.png"; sourceTree = "<group>"; };
		B39DEBC9288E86C00089226F /* Util.swift */ = {isa = PBXFileReference; lastKnownFileType = sourcecode.swift; path = Util.swift; sourceTree = "<group>"; };
		B39DEBCB288ED40A0089226F /* HomeTableViewCell.swift */ = {isa = PBXFileReference; lastKnownFileType = sourcecode.swift; path = HomeTableViewCell.swift; sourceTree = "<group>"; };
		B39DEBCD288ED6230089226F /* Model.swift */ = {isa = PBXFileReference; lastKnownFileType = sourcecode.swift; path = Model.swift; sourceTree = "<group>"; };
/* End PBXFileReference section */

/* Begin PBXFrameworksBuildPhase section */
		B39DEBAD288E81E50089226F /* Frameworks */ = {
			isa = PBXFrameworksBuildPhase;
			buildActionMask = 2147483647;
			files = (
			);
			runOnlyForDeploymentPostprocessing = 0;
		};
/* End PBXFrameworksBuildPhase section */

/* Begin PBXGroup section */
		B39DEBA7288E81E50089226F = {
			isa = PBXGroup;
			children = (
				B39DEBB2288E81E50089226F /* realApp */,
				B39DEBB1288E81E50089226F /* Products */,
			);
			sourceTree = "<group>";
		};
		B39DEBB1288E81E50089226F /* Products */ = {
			isa = PBXGroup;
			children = (
				B39DEBB0288E81E50089226F /* realApp.app */,
			);
			name = Products;
			sourceTree = "<group>";
		};
		B39DEBB2288E81E50089226F /* realApp */ = {
			isa = PBXGroup;
			children = (
				B39DEBB3288E81E50089226F /* AppDelegate.swift */,
				B39DEBB5288E81E50089226F /* SceneDelegate.swift */,
				B39DEBB9288E81E50089226F /* Main.storyboard */,
				B39DEBBC288E81E70089226F /* Assets.xcassets */,
				B39DEBBE288E81E70089226F /* LaunchScreen.storyboard */,
				B39DEBC1288E81E70089226F /* Info.plist */,
				B39DEBC7288E869E0089226F /* the-new-york-times-logo.png */,
				B39DEBB7288E81E50089226F /* ViewController.swift */,
				B39DEBCB288ED40A0089226F /* HomeTableViewCell.swift */,
				B39DEBC9288E86C00089226F /* Util.swift */,
				B39DEBCD288ED6230089226F /* Model.swift */,
			);
			path = realApp;
			sourceTree = "<group>";
		};
/* End PBXGroup section */

/* Begin PBXNativeTarget section */
		B39DEBAF288E81E50089226F /* realApp */ = {
			isa = PBXNativeTarget;
			buildConfigurationList = B39DEBC4288E81E70089226F /* Build configuration list for PBXNativeTarget "realApp" */;
			buildPhases = (
				B39DEBAC288E81E50089226F /* Sources */,
				B39DEBAD288E81E50089226F /* Frameworks */,
				B39DEBAE288E81E50089226F /* Resources */,
			);
			buildRules = (
			);
			dependencies = (
			);
			name = realApp;
			productName = realApp;
			productReference = B39DEBB0288E81E50089226F /* realApp.app */;
			productType = "com.apple.product-type.application";
		};
/* End PBXNativeTarget section */

/* Begin PBXProject section */
		B39DEBA8288E81E50089226F /* Project object */ = {
			isa = PBXProject;
			attributes = {
				BuildIndependentTargetsInParallel = 1;
				LastSwiftUpdateCheck = 1340;
				LastUpgradeCheck = 1340;
				TargetAttributes = {
					B39DEBAF288E81E50089226F = {
						CreatedOnToolsVersion = 13.4.1;
					};
				};
			};
			buildConfigurationList = B39DEBAB288E81E50089226F /* Build configuration list for PBXProject "realApp" */;
			compatibilityVersion = "Xcode 13.0";
			developmentRegion = en;
			hasScannedForEncodings = 0;
			knownRegions = (
				en,
				Base,
			);
			mainGroup = B39DEBA7288E81E50089226F;
			productRefGroup = B39DEBB1288E81E50089226F /* Products */;
			projectDirPath = "";
			projectRoot = "";
			targets = (
				B39DEBAF288E81E50089226F /* realApp */,
			);
		};
/* End PBXProject section */

/* Begin PBXResourcesBuildPhase section */
		B39DEBAE288E81E50089226F /* Resources */ = {
			isa = PBXResourcesBuildPhase;
			buildActionMask = 2147483647;
			files = (
				B39DEBC0288E81E70089226F /* LaunchScreen.storyboard in Resources */,
				B39DEBC8288E869E0089226F /* the-new-york-times-logo.png in Resources */,
				B39DEBBD288E81E70089226F /* Assets.xcassets in Resources */,
				B39DEBBB288E81E50089226F /* Main.storyboard in Resources */,
			);
			runOnlyForDeploymentPostprocessing = 0;
		};
/* End PBXResourcesBuildPhase section */

/* Begin PBXSourcesBuildPhase section */
		B39DEBAC288E81E50089226F /* Sources */ = {
			isa = PBXSourcesBuildPhase;
			buildActionMask = 2147483647;
			files = (
				B39DEBB8288E81E50089226F /* ViewController.swift in Sources */,
				B39DEBCC288ED40A0089226F /* HomeTableViewCell.swift in Sources */,
				B39DEBB4288E81E50089226F /* AppDelegate.swift in Sources */,
				B39DEBCE288ED6230089226F /* Model.swift in Sources */,
				B39DEBB6288E81E50089226F /* SceneDelegate.swift in Sources */,
				B39DEBCA288E86C00089226F /* Util.swift in Sources */,
			);
			runOnlyForDeploymentPostprocessing = 0;
		};
/* End PBXSourcesBuildPhase section */

/* Begin PBXVariantGroup section */
		B39DEBB9288E81E50089226F /* Main.storyboard */ = {
			isa = PBXVariantGroup;
			children = (
				B39DEBBA288E81E50089226F /* Base */,
			);
			name = Main.storyboard;
			sourceTree = "<group>";
		};
		B39DEBBE288E81E70089226F /* LaunchScreen.storyboard */ = {
			isa = PBXVariantGroup;
			children = (
				B39DEBBF288E81E70089226F /* Base */,
			);
			name = LaunchScreen.storyboard;
			sourceTree = "<group>";
		};
/* End PBXVariantGroup section */

/* Begin XCBuildConfiguration section */
		B39DEBC2288E81E70089226F /* Debug */ = {
			isa = XCBuildConfiguration;
			buildSettings = {
				ALWAYS_SEARCH_USER_PATHS = NO;
				CLANG_ANALYZER_NONNULL = YES;
				CLANG_ANALYZER_NUMBER_OBJECT_CONVERSION = YES_AGGRESSIVE;
				CLANG_CXX_LANGUAGE_STANDARD = "gnu++17";
				CLANG_ENABLE_MODULES = YES;
				CLANG_ENABLE_OBJC_ARC = YES;
				CLANG_ENABLE_OBJC_WEAK = YES;
				CLANG_WARN_BLOCK_CAPTURE_AUTORELEASING = YES;
				CLANG_WARN_BOOL_CONVERSION = YES;
				CLANG_WARN_COMMA = YES;
				CLANG_WARN_CONSTANT_CONVERSION = YES;
				CLANG_WARN_DEPRECATED_OBJC_IMPLEMENTATIONS = YES;
				CLANG_WARN_DIRECT_OBJC_ISA_USAGE = YES_ERROR;
				CLANG_WARN_DOCUMENTATION_COMMENTS = YES;
				CLANG_WARN_EMPTY_BODY = YES;
				CLANG_WARN_ENUM_CONVERSION = YES;
				CLANG_WARN_INFINITE_RECURSION = YES;
				CLANG_WARN_INT_CONVERSION = YES;
				CLANG_WARN_NON_LITERAL_NULL_CONVERSION = YES;
				CLANG_WARN_OBJC_IMPLICIT_RETAIN_SELF = YES;
				CLANG_WARN_OBJC_LITERAL_CONVERSION = YES;
				CLANG_WARN_OBJC_ROOT_CLASS = YES_ERROR;
				CLANG_WARN_QUOTED_INCLUDE_IN_FRAMEWORK_HEADER = YES;
				CLANG_WARN_RANGE_LOOP_ANALYSIS = YES;
				CLANG_WARN_STRICT_PROTOTYPES = YES;
				CLANG_WARN_SUSPICIOUS_MOVE = YES;
				CLANG_WARN_UNGUARDED_AVAILABILITY = YES_AGGRESSIVE;
				CLANG_WARN_UNREACHABLE_CODE = YES;
				CLANG_WARN__DUPLICATE_METHOD_MATCH = YES;
				COPY_PHASE_STRIP = NO;
				DEBUG_INFORMATION_FORMAT = dwarf;
				ENABLE_STRICT_OBJC_MSGSEND = YES;
				ENABLE_TESTABILITY = YES;
				GCC_C_LANGUAGE_STANDARD = gnu11;
				GCC_DYNAMIC_NO_PIC = NO;
				GCC_NO_COMMON_BLOCKS = YES;
				GCC_OPTIMIZATION_LEVEL = 0;
				GCC_PREPROCESSOR_DEFINITIONS = (
					"DEBUG=1",
					"$(inherited)",
				);
				GCC_WARN_64_TO_32_BIT_CONVERSION = YES;
				GCC_WARN_ABOUT_RETURN_TYPE = YES_ERROR;
				GCC_WARN_UNDECLARED_SELECTOR = YES;
				GCC_WARN_UNINITIALIZED_AUTOS = YES_AGGRESSIVE;
				GCC_WARN_UNUSED_FUNCTION = YES;
				GCC_WARN_UNUSED_VARIABLE = YES;
				IPHONEOS_DEPLOYMENT_TARGET = 15.5;
				MTL_ENABLE_DEBUG_INFO = INCLUDE_SOURCE;
				MTL_FAST_MATH = YES;
				ONLY_ACTIVE_ARCH = YES;
				SDKROOT = iphoneos;
				SWIFT_ACTIVE_COMPILATION_CONDITIONS = DEBUG;
				SWIFT_OPTIMIZATION_LEVEL = "-Onone";
			};
			name = Debug;
		};
		B39DEBC3288E81E70089226F /* Release */ = {
			isa = XCBuildConfiguration;
			buildSettings = {
				ALWAYS_SEARCH_USER_PATHS = NO;
				CLANG_ANALYZER_NONNULL = YES;
				CLANG_ANALYZER_NUMBER_OBJECT_CONVERSION = YES_AGGRESSIVE;
				CLANG_CXX_LANGUAGE_STANDARD = "gnu++17";
				CLANG_ENABLE_MODULES = YES;
				CLANG_ENABLE_OBJC_ARC = YES;
				CLANG_ENABLE_OBJC_WEAK = YES;
				CLANG_WARN_BLOCK_CAPTURE_AUTORELEASING = YES;
				CLANG_WARN_BOOL_CONVERSION = YES;
				CLANG_WARN_COMMA = YES;
				CLANG_WARN_CONSTANT_CONVERSION = YES;
				CLANG_WARN_DEPRECATED_OBJC_IMPLEMENTATIONS = YES;
				CLANG_WARN_DIRECT_OBJC_ISA_USAGE = YES_ERROR;
				CLANG_WARN_DOCUMENTATION_COMMENTS = YES;
				CLANG_WARN_EMPTY_BODY = YES;
				CLANG_WARN_ENUM_CONVERSION = YES;
				CLANG_WARN_INFINITE_RECURSION = YES;
				CLANG_WARN_INT_CONVERSION = YES;
				CLANG_WARN_NON_LITERAL_NULL_CONVERSION = YES;
				CLANG_WARN_OBJC_IMPLICIT_RETAIN_SELF = YES;
				CLANG_WARN_OBJC_LITERAL_CONVERSION = YES;
				CLANG_WARN_OBJC_ROOT_CLASS = YES_ERROR;
				CLANG_WARN_QUOTED_INCLUDE_IN_FRAMEWORK_HEADER = YES;
				CLANG_WARN_RANGE_LOOP_ANALYSIS = YES;
				CLANG_WARN_STRICT_PROTOTYPES = YES;
				CLANG_WARN_SUSPICIOUS_MOVE = YES;
				CLANG_WARN_UNGUARDED_AVAILABILITY = YES_AGGRESSIVE;
				CLANG_WARN_UNREACHABLE_CODE = YES;
				CLANG_WARN__DUPLICATE_METHOD_MATCH = YES;
				COPY_PHASE_STRIP = NO;
				DEBUG_INFORMATION_FORMAT = "dwarf-with-dsym";
				ENABLE_NS_ASSERTIONS = NO;
				ENABLE_STRICT_OBJC_MSGSEND = YES;
				GCC_C_LANGUAGE_STANDARD = gnu11;
				GCC_NO_COMMON_BLOCKS = YES;
				GCC_WARN_64_TO_32_BIT_CONVERSION = YES;
				GCC_WARN_ABOUT_RETURN_TYPE = YES_ERROR;
				GCC_WARN_UNDECLARED_SELECTOR = YES;
				GCC_WARN_UNINITIALIZED_AUTOS = YES_AGGRESSIVE;
				GCC_WARN_UNUSED_FUNCTION = YES;
				GCC_WARN_UNUSED_VARIABLE = YES;
				IPHONEOS_DEPLOYMENT_TARGET = 15.5;
				MTL_ENABLE_DEBUG_INFO = NO;
				MTL_FAST_MATH = YES;
				SDKROOT = iphoneos;
				SWIFT_COMPILATION_MODE = wholemodule;
				SWIFT_OPTIMIZATION_LEVEL = "-O";
				VALIDATE_PRODUCT = YES;
			};
			name = Release;
		};
		B39DEBC5288E81E70089226F /* Debug */ = {
			isa = XCBuildConfiguration;
			buildSettings = {
				ASSETCATALOG_COMPILER_APPICON_NAME = AppIcon;
				ASSETCATALOG_COMPILER_GLOBAL_ACCENT_COLOR_NAME = AccentColor;
				CODE_SIGN_STYLE = Automatic;
				CURRENT_PROJECT_VERSION = 1;
				DEVELOPMENT_TEAM = PQ9YA43TFG;
				GENERATE_INFOPLIST_FILE = YES;
				INFOPLIST_FILE = realApp/Info.plist;
				INFOPLIST_KEY_UIApplicationSupportsIndirectInputEvents = YES;
				INFOPLIST_KEY_UILaunchStoryboardName = LaunchScreen;
				INFOPLIST_KEY_UIMainStoryboardFile = Main;
				INFOPLIST_KEY_UISupportedInterfaceOrientations_iPad = "UIInterfaceOrientationPortrait UIInterfaceOrientationPortraitUpsideDown UIInterfaceOrientationLandscapeLeft UIInterfaceOrientationLandscapeRight";
				INFOPLIST_KEY_UISupportedInterfaceOrientations_iPhone = "UIInterfaceOrientationPortrait UIInterfaceOrientationLandscapeLeft UIInterfaceOrientationLandscapeRight";
				LD_RUNPATH_SEARCH_PATHS = (
					"$(inherited)",
					"@executable_path/Frameworks",
				);
				MARKETING_VERSION = 1.0;
				PRODUCT_BUNDLE_IDENTIFIER = com.selmanadanir.realApp.realApp;
				PRODUCT_NAME = "$(TARGET_NAME)";
				SWIFT_EMIT_LOC_STRINGS = YES;
				SWIFT_VERSION = 5.0;
				TARGETED_DEVICE_FAMILY = "1,2";
			};
			name = Debug;
		};
		B39DEBC6288E81E70089226F /* Release */ = {
			isa = XCBuildConfiguration;
			buildSettings = {
				ASSETCATALOG_COMPILER_APPICON_NAME = AppIcon;
				ASSETCATALOG_COMPILER_GLOBAL_ACCENT_COLOR_NAME = AccentColor;
				CODE_SIGN_STYLE = Automatic;
				CURRENT_PROJECT_VERSION = 1;
				DEVELOPMENT_TEAM = PQ9YA43TFG;
				GENERATE_INFOPLIST_FILE = YES;
				INFOPLIST_FILE = realApp/Info.plist;
				INFOPLIST_KEY_UIApplicationSupportsIndirectInputEvents = YES;
				INFOPLIST_KEY_UILaunchStoryboardName = LaunchScreen;
				INFOPLIST_KEY_UIMainStoryboardFile = Main;
				INFOPLIST_KEY_UISupportedInterfaceOrientations_iPad = "UIInterfaceOrientationPortrait UIInterfaceOrientationPortraitUpsideDown UIInterfaceOrientationLandscapeLeft UIInterfaceOrientationLandscapeRight";
				INFOPLIST_KEY_UISupportedInterfaceOrientations_iPhone = "UIInterfaceOrientationPortrait UIInterfaceOrientationLandscapeLeft UIInterfaceOrientationLandscapeRight";
				LD_RUNPATH_SEARCH_PATHS = (
					"$(inherited)",
					"@executable_path/Frameworks",
				);
				MARKETING_VERSION = 1.0;
				PRODUCT_BUNDLE_IDENTIFIER = com.selmanadanir.realApp.realApp;
				PRODUCT_NAME = "$(TARGET_NAME)";
				SWIFT_EMIT_LOC_STRINGS = YES;
				SWIFT_VERSION = 5.0;
				TARGETED_DEVICE_FAMILY = "1,2";
			};
			name = Release;
		};
/* End XCBuildConfiguration section */

/* Begin XCConfigurationList section */
		B39DEBAB288E81E50089226F /* Build configuration list for PBXProject "realApp" */ = {
			isa = XCConfigurationList;
			buildConfigurations = (
				B39DEBC2288E81E70089226F /* Debug */,
				B39DEBC3288E81E70089226F /* Release */,
			);
			defaultConfigurationIsVisible = 0;
			defaultConfigurationName = Release;
		};
		B39DEBC4288E81E70089226F /* Build configuration list for PBXNativeTarget "realApp" */ = {
			isa = XCConfigurationList;
			buildConfigurations = (
				B39DEBC5288E81E70089226F /* Debug */,
				B39DEBC6288E81E70089226F /* Release */,
			);
			defaultConfigurationIsVisible = 0;
			defaultConfigurationName = Release;
		};
/* End XCConfigurationList section */
	};
	rootObject = B39DEBA8288E81E50089226F /* Project object */;
}
